<Solution>
  <Project Path="benchmarks/Forget.Benchmarks/Forget.Benchmarks.csproj" Id="47c18930-e497-4cd2-af20-50998985621d" />
  <Project Path="src/Forget.Core/Forget.Core.csproj" Id="2e090746-104c-48d1-a656-544f4b968cd5" />
  <Project Path="src/Forget.MySql/Forget.MySql.csproj" Id="bb5137ec-e261-4142-890b-f864d3ae4d6b" />
  <Project Path="src/Forget.Oracle/Forget.Oracle.csproj" Id="f43c00b8-4feb-4401-9bde-7901fb54c2ac" />
  <Project Path="src/Forget.PostgreSql/Forget.PostgreSql.csproj" Id="08f5d437-c884-44ff-b63d-c2f8d30d6c9b" />
  <Project Path="src/Forget.SqlServer/Forget.SqlServer.csproj" Id="35d4498f-a011-41c6-96ed-a401fb2143ba" />
  <Project Path="tests/Forget.Tests/Forget.Tests.csproj" Id="38487d1e-0a02-44d0-9a46-e5ae926096d8" />
</Solution>
